
Microsoft Visual Studio Solution File, Format Version 12.00
# Visual Studio 14
VisualStudioVersion = 14.0.25420.1
MinimumVisualStudioVersion = 10.0.40219.1
Project("{A07B5EB6-E848-4116-A8D0-A826331D98C6}") = "Demo.GameOfLife.UserManagementService", "Demo.GameOfLife.UserManagementService\Demo.GameOfLife.UserManagementService.sfproj", "{E3AD5E2B-DEDA-429D-B022-BB7A294DF2EA}"
EndProject
Project("{FAE04EC0-301F-11D3-BF4B-00C04F79EFBC}") = "Demo.GameOfLife.UserManagement", "Demo.GameOfLife.UserManagement\Demo.GameOfLife.UserManagement.csproj", "{BD0B5172-75C9-4C5C-8BF0-6F159D1AF061}"
EndProject
Project("{2150E333-8FDC-42A3-9474-1A3956D46DE8}") = "UserManagement", "UserManagement", "{B8316E0A-278E-4C85-9267-3726BBDD1F0F}"
EndProject
Project("{00D1A9C2-B5F0-4AF3-8072-F6C62B433612}") = "Demo.GameOfLife.UserManagement.Database", "Demo.GameOfLife.UserManagement.Database\Demo.GameOfLife.UserManagement.Database.sqlproj", "{A48863FC-E3BB-4AB4-B9CB-A9059D16A808}"
EndProject
Project("{FAE04EC0-301F-11D3-BF4B-00C04F79EFBC}") = "Demo.GameOfLife.UserManagement.Tests", "Demo.GameOfLife.UserManagement.Tests\Demo.GameOfLife.UserManagement.Tests.csproj", "{3C80A45D-8166-4A21-9AA6-18632548C4A7}"
EndProject
Project("{FAE04EC0-301F-11D3-BF4B-00C04F79EFBC}") = "Demo.GameOfLife.UserManagement.BLL", "Demo.GameOfLife.UserManagement.BLL\Demo.GameOfLife.UserManagement.BLL.csproj", "{63B806D4-8301-4612-B6BC-D3612EBC2929}"
EndProject
Project("{FAE04EC0-301F-11D3-BF4B-00C04F79EFBC}") = "Demo.GameOfLife.UserManagement.DAL", "Demo.GameOfLife.UserManagement.DAL\Demo.GameOfLife.UserManagement.DAL.csproj", "{1D0C6E6F-BA57-4195-A841-BFE0A637A53F}"
EndProject
Project("{A07B5EB6-E848-4116-A8D0-A826331D98C6}") = "Demo.GameOfLife.UserAuthenticationService", "Demo.GameOfLife.UserAuthenticationService\Demo.GameOfLife.UserAuthenticationService.sfproj", "{2F2E3692-5920-4A33-9AC1-B32F67630487}"
EndProject
Project("{FAE04EC0-301F-11D3-BF4B-00C04F79EFBC}") = "Demo.GameOfLife.UserAuthentication", "Demo.GameOfLife.UserAuthentication\Demo.GameOfLife.UserAuthentication.csproj", "{83DDA449-5EE6-47F0-8586-55C9FD3A5466}"
EndProject
Project("{2150E333-8FDC-42A3-9474-1A3956D46DE8}") = "UserAuthentication", "UserAuthentication", "{4A9B28C6-290F-4604-8AD5-C319C6192F9B}"
EndProject
Project("{FAE04EC0-301F-11D3-BF4B-00C04F79EFBC}") = "Demo.GameOfLife.Contracts", "Demo.GameOfLife.Contracts\Demo.GameOfLife.Contracts.csproj", "{3FFBA589-4390-4670-A1FD-255AB90CA56C}"
EndProject
Project("{2150E333-8FDC-42A3-9474-1A3956D46DE8}") = "Common", "Common", "{21C8FEF5-ED2F-41C8-8DA2-0AAE5DE0829F}"
EndProject
Project("{A07B5EB6-E848-4116-A8D0-A826331D98C6}") = "Demo.GameOfLife.EngineService", "Demo.GameOfLife.EngineService\Demo.GameOfLife.EngineService.sfproj", "{3A2D3880-1BA3-4FC2-88C8-80269AE3AA75}"
EndProject
Project("{FAE04EC0-301F-11D3-BF4B-00C04F79EFBC}") = "Demo.GameOfLife.Engine", "Demo.GameOfLife.Engine\Demo.GameOfLife.Engine.csproj", "{6839A249-6CBF-4336-ABB1-42F2ECB82775}"
EndProject
Project("{2150E333-8FDC-42A3-9474-1A3956D46DE8}") = "GameEngine", "GameEngine", "{51A0567F-4EE7-457D-AB67-5BC63F584E0B}"
EndProject
Project("{FAE04EC0-301F-11D3-BF4B-00C04F79EFBC}") = "Demo.GameOfLife.Engine.BL", "Demo.GameOfLife.Engine.BL\Demo.GameOfLife.Engine.BL.csproj", "{6E9D492D-84B7-4FBE-A5FF-DA4C1872E291}"
EndProject
Project("{A07B5EB6-E848-4116-A8D0-A826331D98C6}") = "Demo.GameOfLife.EngineAPIService", "Demo.GameOfLife.EngineAPIService\Demo.GameOfLife.EngineAPIService.sfproj", "{93BB38C8-FD0C-4691-A6B9-1FF0FB44E8C0}"
EndProject
Project("{FAE04EC0-301F-11D3-BF4B-00C04F79EFBC}") = "Demo.GameOfLife.Engine.Api", "Demo.GameOfLife.Engine.Api\Demo.GameOfLife.Engine.Api.csproj", "{D58F4772-D3D8-40C4-922E-C2E7CD18E3FF}"
EndProject
Project("{FAE04EC0-301F-11D3-BF4B-00C04F79EFBC}") = "Demo.GameOfLife.Tests", "Demo.GameOfLife.Tests\Demo.GameOfLife.Tests.csproj", "{A4301EBA-B6A1-4233-8252-0C3FD3A94223}"
EndProject
Project("{FAE04EC0-301F-11D3-BF4B-00C04F79EFBC}") = "Demo.GameOfLife.Engine.Model", "Demo.GameOfLife.Engine.Model\Demo.GameOfLife.Engine.Model.csproj", "{75C1065E-1A12-47E1-A847-CD6692ACFE1D}"
EndProject
Global
	GlobalSection(SolutionConfigurationPlatforms) = preSolution
		Debug|Any CPU = Debug|Any CPU
		Debug|x64 = Debug|x64
		Release|Any CPU = Release|Any CPU
		Release|x64 = Release|x64
	EndGlobalSection
	GlobalSection(ProjectConfigurationPlatforms) = postSolution
		{E3AD5E2B-DEDA-429D-B022-BB7A294DF2EA}.Debug|Any CPU.ActiveCfg = Debug|x64
		{E3AD5E2B-DEDA-429D-B022-BB7A294DF2EA}.Debug|x64.ActiveCfg = Debug|x64
		{E3AD5E2B-DEDA-429D-B022-BB7A294DF2EA}.Debug|x64.Build.0 = Debug|x64
		{E3AD5E2B-DEDA-429D-B022-BB7A294DF2EA}.Debug|x64.Deploy.0 = Debug|x64
		{E3AD5E2B-DEDA-429D-B022-BB7A294DF2EA}.Release|Any CPU.ActiveCfg = Release|x64
		{E3AD5E2B-DEDA-429D-B022-BB7A294DF2EA}.Release|x64.ActiveCfg = Release|x64
		{E3AD5E2B-DEDA-429D-B022-BB7A294DF2EA}.Release|x64.Build.0 = Release|x64
		{E3AD5E2B-DEDA-429D-B022-BB7A294DF2EA}.Release|x64.Deploy.0 = Release|x64
		{BD0B5172-75C9-4C5C-8BF0-6F159D1AF061}.Debug|Any CPU.ActiveCfg = Debug|x64
		{BD0B5172-75C9-4C5C-8BF0-6F159D1AF061}.Debug|x64.ActiveCfg = Debug|x64
		{BD0B5172-75C9-4C5C-8BF0-6F159D1AF061}.Debug|x64.Build.0 = Debug|x64
		{BD0B5172-75C9-4C5C-8BF0-6F159D1AF061}.Release|Any CPU.ActiveCfg = Release|x64
		{BD0B5172-75C9-4C5C-8BF0-6F159D1AF061}.Release|x64.ActiveCfg = Release|x64
		{BD0B5172-75C9-4C5C-8BF0-6F159D1AF061}.Release|x64.Build.0 = Release|x64
		{A48863FC-E3BB-4AB4-B9CB-A9059D16A808}.Debug|Any CPU.ActiveCfg = Debug|Any CPU
		{A48863FC-E3BB-4AB4-B9CB-A9059D16A808}.Debug|Any CPU.Build.0 = Debug|Any CPU
		{A48863FC-E3BB-4AB4-B9CB-A9059D16A808}.Debug|Any CPU.Deploy.0 = Debug|Any CPU
		{A48863FC-E3BB-4AB4-B9CB-A9059D16A808}.Debug|x64.ActiveCfg = Debug|Any CPU
		{A48863FC-E3BB-4AB4-B9CB-A9059D16A808}.Debug|x64.Build.0 = Debug|Any CPU
		{A48863FC-E3BB-4AB4-B9CB-A9059D16A808}.Debug|x64.Deploy.0 = Debug|Any CPU
		{A48863FC-E3BB-4AB4-B9CB-A9059D16A808}.Release|Any CPU.ActiveCfg = Release|Any CPU
		{A48863FC-E3BB-4AB4-B9CB-A9059D16A808}.Release|Any CPU.Build.0 = Release|Any CPU
		{A48863FC-E3BB-4AB4-B9CB-A9059D16A808}.Release|Any CPU.Deploy.0 = Release|Any CPU
		{A48863FC-E3BB-4AB4-B9CB-A9059D16A808}.Release|x64.ActiveCfg = Release|Any CPU
		{A48863FC-E3BB-4AB4-B9CB-A9059D16A808}.Release|x64.Build.0 = Release|Any CPU
		{A48863FC-E3BB-4AB4-B9CB-A9059D16A808}.Release|x64.Deploy.0 = Release|Any CPU
		{3C80A45D-8166-4A21-9AA6-18632548C4A7}.Debug|Any CPU.ActiveCfg = Debug|Any CPU
		{3C80A45D-8166-4A21-9AA6-18632548C4A7}.Debug|Any CPU.Build.0 = Debug|Any CPU
		{3C80A45D-8166-4A21-9AA6-18632548C4A7}.Debug|x64.ActiveCfg = Debug|Any CPU
		{3C80A45D-8166-4A21-9AA6-18632548C4A7}.Debug|x64.Build.0 = Debug|Any CPU
		{3C80A45D-8166-4A21-9AA6-18632548C4A7}.Release|Any CPU.ActiveCfg = Release|Any CPU
		{3C80A45D-8166-4A21-9AA6-18632548C4A7}.Release|Any CPU.Build.0 = Release|Any CPU
		{3C80A45D-8166-4A21-9AA6-18632548C4A7}.Release|x64.ActiveCfg = Release|Any CPU
		{3C80A45D-8166-4A21-9AA6-18632548C4A7}.Release|x64.Build.0 = Release|Any CPU
		{63B806D4-8301-4612-B6BC-D3612EBC2929}.Debug|Any CPU.ActiveCfg = Debug|Any CPU
		{63B806D4-8301-4612-B6BC-D3612EBC2929}.Debug|Any CPU.Build.0 = Debug|Any CPU
		{63B806D4-8301-4612-B6BC-D3612EBC2929}.Debug|x64.ActiveCfg = Debug|Any CPU
		{63B806D4-8301-4612-B6BC-D3612EBC2929}.Debug|x64.Build.0 = Debug|Any CPU
		{63B806D4-8301-4612-B6BC-D3612EBC2929}.Release|Any CPU.ActiveCfg = Release|Any CPU
		{63B806D4-8301-4612-B6BC-D3612EBC2929}.Release|Any CPU.Build.0 = Release|Any CPU
		{63B806D4-8301-4612-B6BC-D3612EBC2929}.Release|x64.ActiveCfg = Release|Any CPU
		{63B806D4-8301-4612-B6BC-D3612EBC2929}.Release|x64.Build.0 = Release|Any CPU
		{1D0C6E6F-BA57-4195-A841-BFE0A637A53F}.Debug|Any CPU.ActiveCfg = Debug|Any CPU
		{1D0C6E6F-BA57-4195-A841-BFE0A637A53F}.Debug|Any CPU.Build.0 = Debug|Any CPU
		{1D0C6E6F-BA57-4195-A841-BFE0A637A53F}.Debug|x64.ActiveCfg = Debug|Any CPU
		{1D0C6E6F-BA57-4195-A841-BFE0A637A53F}.Debug|x64.Build.0 = Debug|Any CPU
		{1D0C6E6F-BA57-4195-A841-BFE0A637A53F}.Release|Any CPU.ActiveCfg = Release|Any CPU
		{1D0C6E6F-BA57-4195-A841-BFE0A637A53F}.Release|Any CPU.Build.0 = Release|Any CPU
		{1D0C6E6F-BA57-4195-A841-BFE0A637A53F}.Release|x64.ActiveCfg = Release|Any CPU
		{1D0C6E6F-BA57-4195-A841-BFE0A637A53F}.Release|x64.Build.0 = Release|Any CPU
		{2F2E3692-5920-4A33-9AC1-B32F67630487}.Debug|Any CPU.ActiveCfg = Debug|x64
		{2F2E3692-5920-4A33-9AC1-B32F67630487}.Debug|x64.ActiveCfg = Debug|x64
		{2F2E3692-5920-4A33-9AC1-B32F67630487}.Debug|x64.Build.0 = Debug|x64
		{2F2E3692-5920-4A33-9AC1-B32F67630487}.Debug|x64.Deploy.0 = Debug|x64
		{2F2E3692-5920-4A33-9AC1-B32F67630487}.Release|Any CPU.ActiveCfg = Release|x64
		{2F2E3692-5920-4A33-9AC1-B32F67630487}.Release|x64.ActiveCfg = Release|x64
		{2F2E3692-5920-4A33-9AC1-B32F67630487}.Release|x64.Build.0 = Release|x64
		{2F2E3692-5920-4A33-9AC1-B32F67630487}.Release|x64.Deploy.0 = Release|x64
		{83DDA449-5EE6-47F0-8586-55C9FD3A5466}.Debug|Any CPU.ActiveCfg = Debug|x64
		{83DDA449-5EE6-47F0-8586-55C9FD3A5466}.Debug|x64.ActiveCfg = Debug|x64
		{83DDA449-5EE6-47F0-8586-55C9FD3A5466}.Debug|x64.Build.0 = Debug|x64
		{83DDA449-5EE6-47F0-8586-55C9FD3A5466}.Release|Any CPU.ActiveCfg = Release|x64
		{83DDA449-5EE6-47F0-8586-55C9FD3A5466}.Release|x64.ActiveCfg = Release|x64
		{83DDA449-5EE6-47F0-8586-55C9FD3A5466}.Release|x64.Build.0 = Release|x64
		{3FFBA589-4390-4670-A1FD-255AB90CA56C}.Debug|Any CPU.ActiveCfg = Debug|Any CPU
		{3FFBA589-4390-4670-A1FD-255AB90CA56C}.Debug|Any CPU.Build.0 = Debug|Any CPU
		{3FFBA589-4390-4670-A1FD-255AB90CA56C}.Debug|x64.ActiveCfg = Debug|Any CPU
		{3FFBA589-4390-4670-A1FD-255AB90CA56C}.Debug|x64.Build.0 = Debug|Any CPU
		{3FFBA589-4390-4670-A1FD-255AB90CA56C}.Release|Any CPU.ActiveCfg = Release|Any CPU
		{3FFBA589-4390-4670-A1FD-255AB90CA56C}.Release|Any CPU.Build.0 = Release|Any CPU
		{3FFBA589-4390-4670-A1FD-255AB90CA56C}.Release|x64.ActiveCfg = Release|Any CPU
		{3FFBA589-4390-4670-A1FD-255AB90CA56C}.Release|x64.Build.0 = Release|Any CPU
		{3A2D3880-1BA3-4FC2-88C8-80269AE3AA75}.Debug|Any CPU.ActiveCfg = Debug|x64
		{3A2D3880-1BA3-4FC2-88C8-80269AE3AA75}.Debug|x64.ActiveCfg = Debug|x64
		{3A2D3880-1BA3-4FC2-88C8-80269AE3AA75}.Debug|x64.Build.0 = Debug|x64
		{3A2D3880-1BA3-4FC2-88C8-80269AE3AA75}.Debug|x64.Deploy.0 = Debug|x64
		{3A2D3880-1BA3-4FC2-88C8-80269AE3AA75}.Release|Any CPU.ActiveCfg = Release|x64
		{3A2D3880-1BA3-4FC2-88C8-80269AE3AA75}.Release|x64.ActiveCfg = Release|x64
		{3A2D3880-1BA3-4FC2-88C8-80269AE3AA75}.Release|x64.Build.0 = Release|x64
		{3A2D3880-1BA3-4FC2-88C8-80269AE3AA75}.Release|x64.Deploy.0 = Release|x64
		{6839A249-6CBF-4336-ABB1-42F2ECB82775}.Debug|Any CPU.ActiveCfg = Debug|x64
		{6839A249-6CBF-4336-ABB1-42F2ECB82775}.Debug|x64.ActiveCfg = Debug|x64
		{6839A249-6CBF-4336-ABB1-42F2ECB82775}.Debug|x64.Build.0 = Debug|x64
		{6839A249-6CBF-4336-ABB1-42F2ECB82775}.Release|Any CPU.ActiveCfg = Release|x64
		{6839A249-6CBF-4336-ABB1-42F2ECB82775}.Release|x64.ActiveCfg = Release|x64
		{6839A249-6CBF-4336-ABB1-42F2ECB82775}.Release|x64.Build.0 = Release|x64
		{6E9D492D-84B7-4FBE-A5FF-DA4C1872E291}.Debug|Any CPU.ActiveCfg = Debug|Any CPU
		{6E9D492D-84B7-4FBE-A5FF-DA4C1872E291}.Debug|Any CPU.Build.0 = Debug|Any CPU
		{6E9D492D-84B7-4FBE-A5FF-DA4C1872E291}.Debug|x64.ActiveCfg = Debug|Any CPU
		{6E9D492D-84B7-4FBE-A5FF-DA4C1872E291}.Debug|x64.Build.0 = Debug|Any CPU
		{6E9D492D-84B7-4FBE-A5FF-DA4C1872E291}.Release|Any CPU.ActiveCfg = Release|Any CPU
		{6E9D492D-84B7-4FBE-A5FF-DA4C1872E291}.Release|Any CPU.Build.0 = Release|Any CPU
		{6E9D492D-84B7-4FBE-A5FF-DA4C1872E291}.Release|x64.ActiveCfg = Release|Any CPU
		{6E9D492D-84B7-4FBE-A5FF-DA4C1872E291}.Release|x64.Build.0 = Release|Any CPU
		{93BB38C8-FD0C-4691-A6B9-1FF0FB44E8C0}.Debug|Any CPU.ActiveCfg = Debug|x64
		{93BB38C8-FD0C-4691-A6B9-1FF0FB44E8C0}.Debug|x64.ActiveCfg = Debug|x64
		{93BB38C8-FD0C-4691-A6B9-1FF0FB44E8C0}.Debug|x64.Build.0 = Debug|x64
		{93BB38C8-FD0C-4691-A6B9-1FF0FB44E8C0}.Debug|x64.Deploy.0 = Debug|x64
		{93BB38C8-FD0C-4691-A6B9-1FF0FB44E8C0}.Release|Any CPU.ActiveCfg = Release|x64
		{93BB38C8-FD0C-4691-A6B9-1FF0FB44E8C0}.Release|x64.ActiveCfg = Release|x64
		{93BB38C8-FD0C-4691-A6B9-1FF0FB44E8C0}.Release|x64.Build.0 = Release|x64
		{93BB38C8-FD0C-4691-A6B9-1FF0FB44E8C0}.Release|x64.Deploy.0 = Release|x64
		{D58F4772-D3D8-40C4-922E-C2E7CD18E3FF}.Debug|Any CPU.ActiveCfg = Debug|x64
		{D58F4772-D3D8-40C4-922E-C2E7CD18E3FF}.Debug|x64.ActiveCfg = Debug|x64
		{D58F4772-D3D8-40C4-922E-C2E7CD18E3FF}.Debug|x64.Build.0 = Debug|x64
		{D58F4772-D3D8-40C4-922E-C2E7CD18E3FF}.Release|Any CPU.ActiveCfg = Release|x64
		{D58F4772-D3D8-40C4-922E-C2E7CD18E3FF}.Release|x64.ActiveCfg = Release|x64
		{D58F4772-D3D8-40C4-922E-C2E7CD18E3FF}.Release|x64.Build.0 = Release|x64
		{A4301EBA-B6A1-4233-8252-0C3FD3A94223}.Debug|Any CPU.ActiveCfg = Debug|Any CPU
		{A4301EBA-B6A1-4233-8252-0C3FD3A94223}.Debug|Any CPU.Build.0 = Debug|Any CPU
		{A4301EBA-B6A1-4233-8252-0C3FD3A94223}.Debug|x64.ActiveCfg = Debug|Any CPU
		{A4301EBA-B6A1-4233-8252-0C3FD3A94223}.Debug|x64.Build.0 = Debug|Any CPU
		{A4301EBA-B6A1-4233-8252-0C3FD3A94223}.Release|Any CPU.ActiveCfg = Release|Any CPU
		{A4301EBA-B6A1-4233-8252-0C3FD3A94223}.Release|Any CPU.Build.0 = Release|Any CPU
		{A4301EBA-B6A1-4233-8252-0C3FD3A94223}.Release|x64.ActiveCfg = Release|Any CPU
		{A4301EBA-B6A1-4233-8252-0C3FD3A94223}.Release|x64.Build.0 = Release|Any CPU
		{75C1065E-1A12-47E1-A847-CD6692ACFE1D}.Debug|Any CPU.ActiveCfg = Debug|Any CPU
		{75C1065E-1A12-47E1-A847-CD6692ACFE1D}.Debug|Any CPU.Build.0 = Debug|Any CPU
		{75C1065E-1A12-47E1-A847-CD6692ACFE1D}.Debug|x64.ActiveCfg = Debug|Any CPU
		{75C1065E-1A12-47E1-A847-CD6692ACFE1D}.Debug|x64.Build.0 = Debug|Any CPU
		{75C1065E-1A12-47E1-A847-CD6692ACFE1D}.Release|Any CPU.ActiveCfg = Release|Any CPU
		{75C1065E-1A12-47E1-A847-CD6692ACFE1D}.Release|Any CPU.Build.0 = Release|Any CPU
		{75C1065E-1A12-47E1-A847-CD6692ACFE1D}.Release|x64.ActiveCfg = Release|Any CPU
		{75C1065E-1A12-47E1-A847-CD6692ACFE1D}.Release|x64.Build.0 = Release|Any CPU
	EndGlobalSection
	GlobalSection(SolutionProperties) = preSolution
		HideSolutionNode = FALSE
	EndGlobalSection
	GlobalSection(NestedProjects) = preSolution
		{E3AD5E2B-DEDA-429D-B022-BB7A294DF2EA} = {B8316E0A-278E-4C85-9267-3726BBDD1F0F}
		{BD0B5172-75C9-4C5C-8BF0-6F159D1AF061} = {B8316E0A-278E-4C85-9267-3726BBDD1F0F}
		{A48863FC-E3BB-4AB4-B9CB-A9059D16A808} = {B8316E0A-278E-4C85-9267-3726BBDD1F0F}
		{3C80A45D-8166-4A21-9AA6-18632548C4A7} = {B8316E0A-278E-4C85-9267-3726BBDD1F0F}
		{63B806D4-8301-4612-B6BC-D3612EBC2929} = {B8316E0A-278E-4C85-9267-3726BBDD1F0F}
		{1D0C6E6F-BA57-4195-A841-BFE0A637A53F} = {B8316E0A-278E-4C85-9267-3726BBDD1F0F}
		{2F2E3692-5920-4A33-9AC1-B32F67630487} = {4A9B28C6-290F-4604-8AD5-C319C6192F9B}
		{83DDA449-5EE6-47F0-8586-55C9FD3A5466} = {4A9B28C6-290F-4604-8AD5-C319C6192F9B}
		{3FFBA589-4390-4670-A1FD-255AB90CA56C} = {21C8FEF5-ED2F-41C8-8DA2-0AAE5DE0829F}
		{3A2D3880-1BA3-4FC2-88C8-80269AE3AA75} = {51A0567F-4EE7-457D-AB67-5BC63F584E0B}
		{6839A249-6CBF-4336-ABB1-42F2ECB82775} = {51A0567F-4EE7-457D-AB67-5BC63F584E0B}
		{6E9D492D-84B7-4FBE-A5FF-DA4C1872E291} = {51A0567F-4EE7-457D-AB67-5BC63F584E0B}
		{93BB38C8-FD0C-4691-A6B9-1FF0FB44E8C0} = {51A0567F-4EE7-457D-AB67-5BC63F584E0B}
		{D58F4772-D3D8-40C4-922E-C2E7CD18E3FF} = {51A0567F-4EE7-457D-AB67-5BC63F584E0B}
		{A4301EBA-B6A1-4233-8252-0C3FD3A94223} = {51A0567F-4EE7-457D-AB67-5BC63F584E0B}
		{75C1065E-1A12-47E1-A847-CD6692ACFE1D} = {51A0567F-4EE7-457D-AB67-5BC63F584E0B}
	EndGlobalSection
EndGlobal
